{
  "version": 4,
  "terraform_version": "0.14.7",
  "serial": 404,
  "lineage": "29c0e3c9-0e45-f898-d755-2aa26e76b24a",
  "outputs": {
    "demo-alb-dns-name": {
      "value": "terraform-demo-alb-291616235.ap-south-1.elb.amazonaws.com",
      "type": "string"
    }
  },
  "resources": [
    {
      "mode": "managed",
      "type": "aws_acm_certificate",
      "name": "cert",
      "provider": "provider[\"registry.terraform.io/hashicorp/aws\"]",
      "instances": [
        {
          "schema_version": 0,
          "attributes": {
            "arn": "arn:aws:acm:ap-south-1:285255536600:certificate/deda71d1-3d56-495f-b937-4235ec9d7cd6",
            "certificate_authority_arn": "",
            "certificate_body": "-----BEGIN CERTIFICATE-----\nMIIDDzCCAfegAwIBAgIQKY82J28p2Y5kwitCCX5ylTANBgkqhkiG9w0BAQsFADAo\nMRMwEQYDVQQKEwpEZW1vcywgSW5jMREwDwYDVQQDEwhkZW1vLmNvbTAeFw0yMjAy\nMjYxNzIwMTBaFw0yMjAyMjcwNTIwMTBaMCgxEzARBgNVBAoTCkRlbW9zLCBJbmMx\nETAPBgNVBAMTCGRlbW8uY29tMIIBIjANBgkqhkiG9w0BAQEFAAOCAQ8AMIIBCgKC\nAQEA3q0d4p9GHRGxRcVQloVLMqJ13uRepEDRFrkUFp/A8kBrmDRPMRJGTaj8wVlU\nmq495WgGIxizLHdhmuIRa9KnqMaE2MXaP31rPZDV0z8NTUCaDPgNAmz4jEWtadwL\nc6Ch04X3n7nQEw8UZpc/XAoFGBzrx3P39V12oIxcGrDLwm7HWNqdYfqx+Lt4WkBW\ndYmP/TTCjq676rLSnGJgQB42r0UwGVikOXbljM5iNcfXGTQXohJesdY6tois44NU\nJhZqh+s5gT/yxxxiJ6SXuhQ+6eGPuZydx2FzJd399kn3HyOS2FTgOUaoT9MsQgsP\nPfcZ86qhtEynvWX+rMyn3UsipwIDAQABozUwMzAOBgNVHQ8BAf8EBAMCBaAwEwYD\nVR0lBAwwCgYIKwYBBQUHAwEwDAYDVR0TAQH/BAIwADANBgkqhkiG9w0BAQsFAAOC\nAQEARwXwAb2m1BLtUz6IzGXKB5e5pDUBrQYiZcE/mNMfkaHLob7p5vctczk8tiEe\nPSCG3s/skjGdObXDJ1UFkF5VzWCZum9oMe5EIFE59nz0nK31+sdU14x8YSZShNkB\nd12NlxWaG8AAMghMBXd/DS2s07MV5BETK9ihIozKq6pp4EStO5vNk5eQrEKmpF5F\nWyJfNZBM3zRlxcWia38/WOSloZixoe/GEqbBpZZPYWVllvuHmOGJcBGw2QJqLLtB\ndUJK7zpAf7HFIq7/M52AGOhanv7OK4YHmJ+gpha6aFPgkbN75XHFgVApqVdinl4D\noTWw2N8FTm0oYVVbQTiuEpUUDA==\n-----END CERTIFICATE-----\n",
            "certificate_chain": null,
            "domain_name": "demo.com",
            "domain_validation_options": [],
            "id": "arn:aws:acm:ap-south-1:285255536600:certificate/deda71d1-3d56-495f-b937-4235ec9d7cd6",
            "options": [
              {
                "certificate_transparency_logging_preference": "DISABLED"
              }
            ],
            "private_key": "-----BEGIN RSA PRIVATE KEY-----\nMIIEpAIBAAKCAQEA3q0d4p9GHRGxRcVQloVLMqJ13uRepEDRFrkUFp/A8kBrmDRP\nMRJGTaj8wVlUmq495WgGIxizLHdhmuIRa9KnqMaE2MXaP31rPZDV0z8NTUCaDPgN\nAmz4jEWtadwLc6Ch04X3n7nQEw8UZpc/XAoFGBzrx3P39V12oIxcGrDLwm7HWNqd\nYfqx+Lt4WkBWdYmP/TTCjq676rLSnGJgQB42r0UwGVikOXbljM5iNcfXGTQXohJe\nsdY6tois44NUJhZqh+s5gT/yxxxiJ6SXuhQ+6eGPuZydx2FzJd399kn3HyOS2FTg\nOUaoT9MsQgsPPfcZ86qhtEynvWX+rMyn3UsipwIDAQABAoIBADlD4Aml2Ewlfqdo\nxP7QrLQK37FAna40FRF461eeIeqq8oCkAzGld3sFWGsI5B8bbEOQ6vMfqQRodytz\ns/M8q21WEFgHGcd2I5wjoTnAX1VcpcFsETxsdcbtLFmrAy7rQnK5YyMqj/42xJJV\nly++S+0VkvUqN7xcGuPS9OTQTrZjd+oaFJdkHFtfAxjkUha2Prp8UVqyqfqbN4dJ\nA2/eOPREO6fe6PCz/Bld78syZTGT0rjaFgZdQGfoMN7o8yJqTfCszhqMmpSNukTa\no6P2QxqS++GQbD2Lue+wMTPkxy2dTndJoSrU54zAIvmKyuKfnDO0RqIhNXZPmOMm\nT0gZXHECgYEA5LiyqnH/pkTNBskUoMjCl/li39wEJg/BUIEDbn00x1dvjRVBo3Vk\nskWQPhb+hlMAraQoXcYcCExXiJZIJ/7JuAzrMhSEaq9yV6r6WGLdC8OH4us/o71W\nzm3+kup+oyG2U3vua8yqzhq1F9erwYv7MRwIGbsVDgqEyIA6sCPyLyUCgYEA+TvY\nnrxyriUSGdXVyMRv4cwPMR6xMpbYzvT+mmEZHeQLOch6gsL2ooEFrhzeoqUSoYtA\nz+nTELUYrN3tR/1qhgWTYizduH+N3hhXXgON+aFpliKotqE0qjH+FkIcg37736EN\n5PhCBGiVYWZOGk26MC562gURNUZKbLj99PQPNtsCgYEAkeJAizilEB8oCqDs2FTU\n0WxOpWxG9SPtcHSphKq1pEPfscQSFrlE3fRCuWefNnvwndBrsswuixhuaH86TNBV\nR2BuD4ZIo2d+be5vOTrttJglrxXPhJe6q3Y6/ug0l8Zj7cHJY9aqR0V/plJ4ib3I\nHR29CPRrzIXnBZ/MTxbOXUUCgYEAz1crQfsySI/MfDO503kgPq9dYBbRgW2e1qVY\nfiQTGhvR/vM6gDgjqFM/33Zi/NnpIv1PIOi8T2TpLz69HKvFB9PxpbX/inKLGl4T\nqMG6RhczWNRimPSJdKF8aRX81KQ6c/NvNLIXccVzqIDMrvNE1rqEN4YJp9FfLw3D\nMBot4gsCgYA3VI4rbRorWK5/w1M51Naetfs9sCEbV7+LNplfsljLpJIEchlKNMrL\n3I7OlBYgDi2d+FIuNiSlCPee4XhBm8Zbp7KKpEDw9Pf5kjoJnACEz9dbapTyT/2X\n0PG4GF16By8okRZ64jFEKn+kdKVhmYdaRPq3NY4R0Hv29RA7Ip/UeA==\n-----END RSA PRIVATE KEY-----\n",
            "status": "ISSUED",
            "subject_alternative_names": [],
            "tags": null,
            "tags_all": {},
            "validation_emails": [],
            "validation_method": "NONE"
          },
          "sensitive_attributes": [],
          "private": "bnVsbA==",
          "dependencies": [
            "tls_private_key.demo",
            "tls_self_signed_cert.demo"
          ]
        }
      ]
    },
    {
      "mode": "managed",
      "type": "aws_alb",
      "name": "alb",
      "provider": "provider[\"registry.terraform.io/hashicorp/aws\"]",
      "instances": [
        {
          "schema_version": 0,
          "attributes": {
            "access_logs": [
              {
                "bucket": "",
                "enabled": false,
                "prefix": ""
              }
            ],
            "arn": "arn:aws:elasticloadbalancing:ap-south-1:285255536600:loadbalancer/app/terraform-demo-alb/3f134f90c01185e1",
            "arn_suffix": "app/terraform-demo-alb/3f134f90c01185e1",
            "customer_owned_ipv4_pool": "",
            "desync_mitigation_mode": "defensive",
            "dns_name": "terraform-demo-alb-291616235.ap-south-1.elb.amazonaws.com",
            "drop_invalid_header_fields": false,
            "enable_cross_zone_load_balancing": null,
            "enable_deletion_protection": false,
            "enable_http2": true,
            "enable_waf_fail_open": false,
            "id": "arn:aws:elasticloadbalancing:ap-south-1:285255536600:loadbalancer/app/terraform-demo-alb/3f134f90c01185e1",
            "idle_timeout": 60,
            "internal": false,
            "ip_address_type": "ipv4",
            "load_balancer_type": "application",
            "name": "terraform-demo-alb",
            "name_prefix": null,
            "security_groups": [
              "sg-07f9d3d7554cc18eb"
            ],
            "subnet_mapping": [
              {
                "allocation_id": "",
                "ipv6_address": "",
                "outpost_id": "",
                "private_ipv4_address": "",
                "subnet_id": "subnet-0a76d00abbc4cf245"
              },
              {
                "allocation_id": "",
                "ipv6_address": "",
                "outpost_id": "",
                "private_ipv4_address": "",
                "subnet_id": "subnet-0adeed147a3b0e0f9"
              }
            ],
            "subnets": [
              "subnet-0a76d00abbc4cf245",
              "subnet-0adeed147a3b0e0f9"
            ],
            "tags": {
              "Name": "terraform-demo-alb"
            },
            "tags_all": {
              "Name": "terraform-demo-alb"
            },
            "timeouts": null,
            "vpc_id": "vpc-00b96594fa5930e0f",
            "zone_id": "ZP97RAFLXTNZK"
          },
          "sensitive_attributes": [],
          "private": "eyJlMmJmYjczMC1lY2FhLTExZTYtOGY4OC0zNDM2M2JjN2M0YzAiOnsiY3JlYXRlIjo2MDAwMDAwMDAwMDAsImRlbGV0ZSI6NjAwMDAwMDAwMDAwLCJ1cGRhdGUiOjYwMDAwMDAwMDAwMH19",
          "dependencies": [
            "aws_security_group.alb",
            "aws_subnet.subnet-1",
            "aws_subnet.subnet-2",
            "aws_vpc.demo-vpc"
          ]
        }
      ]
    },
    {
      "mode": "managed",
      "type": "aws_alb_listener",
      "name": "listener_http",
      "provider": "provider[\"registry.terraform.io/hashicorp/aws\"]",
      "instances": [
        {
          "schema_version": 0,
          "attributes": {
            "alpn_policy": null,
            "arn": "arn:aws:elasticloadbalancing:ap-south-1:285255536600:listener/app/terraform-demo-alb/3f134f90c01185e1/229ce59567f19e36",
            "certificate_arn": null,
            "default_action": [
              {
                "authenticate_cognito": [],
                "authenticate_oidc": [],
                "fixed_response": [],
                "forward": [],
                "order": 1,
                "redirect": [],
                "target_group_arn": "arn:aws:elasticloadbalancing:ap-south-1:285255536600:targetgroup/terraform-example-alb-target/efb55dc02a737e4a",
                "type": "forward"
              }
            ],
            "id": "arn:aws:elasticloadbalancing:ap-south-1:285255536600:listener/app/terraform-demo-alb/3f134f90c01185e1/229ce59567f19e36",
            "load_balancer_arn": "arn:aws:elasticloadbalancing:ap-south-1:285255536600:loadbalancer/app/terraform-demo-alb/3f134f90c01185e1",
            "port": 80,
            "protocol": "HTTP",
            "ssl_policy": "",
            "tags": null,
            "tags_all": {},
            "timeouts": null
          },
          "sensitive_attributes": [],
          "private": "eyJlMmJmYjczMC1lY2FhLTExZTYtOGY4OC0zNDM2M2JjN2M0YzAiOnsicmVhZCI6NjAwMDAwMDAwMDAwfX0=",
          "dependencies": [
            "aws_alb.alb",
            "aws_alb_target_group.group",
            "aws_security_group.alb",
            "aws_subnet.subnet-1",
            "aws_subnet.subnet-2",
            "aws_vpc.demo-vpc"
          ]
        }
      ]
    },
    {
      "mode": "managed",
      "type": "aws_alb_listener",
      "name": "listener_https",
      "provider": "provider[\"registry.terraform.io/hashicorp/aws\"]",
      "instances": [
        {
          "schema_version": 0,
          "attributes": {
            "alpn_policy": null,
            "arn": "arn:aws:elasticloadbalancing:ap-south-1:285255536600:listener/app/terraform-demo-alb/3f134f90c01185e1/81a5a93a809cb762",
            "certificate_arn": "arn:aws:acm:ap-south-1:285255536600:certificate/deda71d1-3d56-495f-b937-4235ec9d7cd6",
            "default_action": [
              {
                "authenticate_cognito": [],
                "authenticate_oidc": [],
                "fixed_response": [],
                "forward": [],
                "order": 1,
                "redirect": [],
                "target_group_arn": "arn:aws:elasticloadbalancing:ap-south-1:285255536600:targetgroup/terraform-example-alb-target/efb55dc02a737e4a",
                "type": "forward"
              }
            ],
            "id": "arn:aws:elasticloadbalancing:ap-south-1:285255536600:listener/app/terraform-demo-alb/3f134f90c01185e1/81a5a93a809cb762",
            "load_balancer_arn": "arn:aws:elasticloadbalancing:ap-south-1:285255536600:loadbalancer/app/terraform-demo-alb/3f134f90c01185e1",
            "port": 443,
            "protocol": "HTTPS",
            "ssl_policy": "ELBSecurityPolicy-2016-08",
            "tags": null,
            "tags_all": {},
            "timeouts": null
          },
          "sensitive_attributes": [],
          "private": "eyJlMmJmYjczMC1lY2FhLTExZTYtOGY4OC0zNDM2M2JjN2M0YzAiOnsicmVhZCI6NjAwMDAwMDAwMDAwfX0=",
          "dependencies": [
            "aws_acm_certificate.cert",
            "aws_alb.alb",
            "aws_alb_target_group.group",
            "aws_security_group.alb",
            "aws_subnet.subnet-1",
            "aws_subnet.subnet-2",
            "aws_vpc.demo-vpc",
            "tls_private_key.demo",
            "tls_self_signed_cert.demo"
          ]
        }
      ]
    },
    {
      "mode": "managed",
      "type": "aws_alb_target_group",
      "name": "group",
      "provider": "provider[\"registry.terraform.io/hashicorp/aws\"]",
      "instances": [
        {
          "schema_version": 0,
          "attributes": {
            "arn": "arn:aws:elasticloadbalancing:ap-south-1:285255536600:targetgroup/terraform-example-alb-target/efb55dc02a737e4a",
            "arn_suffix": "targetgroup/terraform-example-alb-target/efb55dc02a737e4a",
            "connection_termination": false,
            "deregistration_delay": "300",
            "health_check": [
              {
                "enabled": true,
                "healthy_threshold": 3,
                "interval": 30,
                "matcher": "200",
                "path": "/",
                "port": "80",
                "protocol": "HTTP",
                "timeout": 5,
                "unhealthy_threshold": 3
              }
            ],
            "id": "arn:aws:elasticloadbalancing:ap-south-1:285255536600:targetgroup/terraform-example-alb-target/efb55dc02a737e4a",
            "lambda_multi_value_headers_enabled": false,
            "load_balancing_algorithm_type": "round_robin",
            "name": "terraform-example-alb-target",
            "name_prefix": null,
            "port": 80,
            "preserve_client_ip": null,
            "protocol": "HTTP",
            "protocol_version": "HTTP1",
            "proxy_protocol_v2": false,
            "slow_start": 0,
            "stickiness": [
              {
                "cookie_duration": 86400,
                "cookie_name": "",
                "enabled": false,
                "type": "lb_cookie"
              }
            ],
            "tags": null,
            "tags_all": {},
            "target_type": "instance",
            "vpc_id": "vpc-00b96594fa5930e0f"
          },
          "sensitive_attributes": [],
          "private": "bnVsbA==",
          "dependencies": [
            "aws_vpc.demo-vpc"
          ]
        }
      ]
    },
    {
      "mode": "managed",
      "type": "aws_eip",
      "name": "one",
      "provider": "provider[\"registry.terraform.io/hashicorp/aws\"]",
      "instances": [
        {
          "schema_version": 0,
          "attributes": {
            "address": null,
            "allocation_id": "eipalloc-0e9193b2af5e94997",
            "associate_with_private_ip": "172.16.0.5",
            "association_id": "eipassoc-0e3307b68a38bd7e2",
            "carrier_ip": "",
            "customer_owned_ip": "",
            "customer_owned_ipv4_pool": "",
            "domain": "vpc",
            "id": "eipalloc-0e9193b2af5e94997",
            "instance": "",
            "network_border_group": "ap-south-1",
            "network_interface": "eni-0b21c5b0b3f8bc7db",
            "private_dns": "ip-172-16-0-5.ap-south-1.compute.internal",
            "private_ip": "172.16.0.5",
            "public_dns": "ec2-65-0-140-62.ap-south-1.compute.amazonaws.com",
            "public_ip": "65.0.140.62",
            "public_ipv4_pool": "amazon",
            "tags": null,
            "tags_all": {},
            "timeouts": null,
            "vpc": true
          },
          "sensitive_attributes": [],
          "private": "eyJlMmJmYjczMC1lY2FhLTExZTYtOGY4OC0zNDM2M2JjN2M0YzAiOnsiZGVsZXRlIjoxODAwMDAwMDAwMDAsInJlYWQiOjkwMDAwMDAwMDAwMCwidXBkYXRlIjozMDAwMDAwMDAwMDB9fQ==",
          "dependencies": [
            "aws_internet_gateway.gw",
            "aws_network_interface.web-interface",
            "aws_security_group.alb",
            "aws_security_group.allow_web",
            "aws_subnet.subnet-1",
            "aws_vpc.demo-vpc"
          ]
        }
      ]
    },
    {
      "mode": "managed",
      "type": "aws_instance",
      "name": "web",
      "provider": "provider[\"registry.terraform.io/hashicorp/aws\"]",
      "instances": [
        {
          "schema_version": 1,
          "attributes": {
            "ami": "ami-0c6615d1e95c98aca",
            "arn": "arn:aws:ec2:ap-south-1:285255536600:instance/i-0891841a102df3612",
            "associate_public_ip_address": true,
            "availability_zone": "ap-south-1b",
            "capacity_reservation_specification": [
              {
                "capacity_reservation_preference": "open",
                "capacity_reservation_target": []
              }
            ],
            "cpu_core_count": 1,
            "cpu_threads_per_core": 1,
            "credit_specification": [
              {
                "cpu_credits": "standard"
              }
            ],
            "disable_api_termination": false,
            "ebs_block_device": [],
            "ebs_optimized": false,
            "enclave_options": [
              {
                "enabled": false
              }
            ],
            "ephemeral_block_device": [],
            "get_password_data": false,
            "hibernation": false,
            "host_id": null,
            "iam_instance_profile": "",
            "id": "i-0891841a102df3612",
            "instance_initiated_shutdown_behavior": "stop",
            "instance_state": "running",
            "instance_type": "t2.micro",
            "ipv6_address_count": 0,
            "ipv6_addresses": [],
            "key_name": "test-instance",
            "launch_template": [],
            "metadata_options": [
              {
                "http_endpoint": "enabled",
                "http_put_response_hop_limit": 1,
                "http_tokens": "optional",
                "instance_metadata_tags": "disabled"
              }
            ],
            "monitoring": false,
            "network_interface": [
              {
                "delete_on_termination": false,
                "device_index": 0,
                "network_interface_id": "eni-0b21c5b0b3f8bc7db"
              }
            ],
            "outpost_arn": "",
            "password_data": "",
            "placement_group": "",
            "placement_partition_number": null,
            "primary_network_interface_id": "eni-0b21c5b0b3f8bc7db",
            "private_dns": "ip-172-16-0-5.ap-south-1.compute.internal",
            "private_ip": "172.16.0.5",
            "public_dns": "",
            "public_ip": "65.0.140.62",
            "root_block_device": [
              {
                "delete_on_termination": true,
                "device_name": "/dev/xvda",
                "encrypted": false,
                "iops": 100,
                "kms_key_id": "",
                "tags": {},
                "throughput": 0,
                "volume_id": "vol-04e31b5f3493d3f65",
                "volume_size": 8,
                "volume_type": "gp2"
              }
            ],
            "secondary_private_ips": [],
            "security_groups": [],
            "source_dest_check": true,
            "subnet_id": "subnet-0adeed147a3b0e0f9",
            "tags": {
              "Env": "Test",
              "Name": "demo-server"
            },
            "tags_all": {
              "Env": "Test",
              "Name": "demo-server"
            },
            "tenancy": "default",
            "timeouts": null,
            "user_data": "092ea06cf5ca4f136dd9db6c000495c60a0e4441",
            "user_data_base64": null,
            "volume_tags": null,
            "vpc_security_group_ids": [
              "sg-093e7141740a3c418"
            ]
          },
          "sensitive_attributes": [],
          "private": "eyJlMmJmYjczMC1lY2FhLTExZTYtOGY4OC0zNDM2M2JjN2M0YzAiOnsiY3JlYXRlIjo2MDAwMDAwMDAwMDAsImRlbGV0ZSI6MTIwMDAwMDAwMDAwMCwidXBkYXRlIjo2MDAwMDAwMDAwMDB9LCJzY2hlbWFfdmVyc2lvbiI6IjEifQ==",
          "dependencies": [
            "aws_network_interface.web-interface",
            "aws_security_group.alb",
            "aws_security_group.allow_web",
            "aws_subnet.subnet-1",
            "aws_vpc.demo-vpc"
          ]
        }
      ]
    },
    {
      "mode": "managed",
      "type": "aws_internet_gateway",
      "name": "gw",
      "provider": "provider[\"registry.terraform.io/hashicorp/aws\"]",
      "instances": [
        {
          "schema_version": 0,
          "attributes": {
            "arn": "arn:aws:ec2:ap-south-1:285255536600:internet-gateway/igw-0f772745292ad42ff",
            "id": "igw-0f772745292ad42ff",
            "owner_id": "285255536600",
            "tags": null,
            "tags_all": {},
            "vpc_id": "vpc-00b96594fa5930e0f"
          },
          "sensitive_attributes": [],
          "private": "bnVsbA==",
          "dependencies": [
            "aws_vpc.demo-vpc"
          ]
        }
      ]
    },
    {
      "mode": "managed",
      "type": "aws_lb_target_group_attachment",
      "name": "test",
      "provider": "provider[\"registry.terraform.io/hashicorp/aws\"]",
      "instances": [
        {
          "schema_version": 0,
          "attributes": {
            "availability_zone": null,
            "id": "arn:aws:elasticloadbalancing:ap-south-1:285255536600:targetgroup/terraform-example-alb-target/efb55dc02a737e4a-20220226172037234800000001",
            "port": 80,
            "target_group_arn": "arn:aws:elasticloadbalancing:ap-south-1:285255536600:targetgroup/terraform-example-alb-target/efb55dc02a737e4a",
            "target_id": "i-0891841a102df3612"
          },
          "sensitive_attributes": [],
          "private": "bnVsbA==",
          "dependencies": [
            "aws_alb_target_group.group",
            "aws_instance.web",
            "aws_network_interface.web-interface",
            "aws_security_group.alb",
            "aws_security_group.allow_web",
            "aws_subnet.subnet-1",
            "aws_vpc.demo-vpc"
          ]
        }
      ]
    },
    {
      "mode": "managed",
      "type": "aws_network_interface",
      "name": "web-interface",
      "provider": "provider[\"registry.terraform.io/hashicorp/aws\"]",
      "instances": [
        {
          "schema_version": 0,
          "attributes": {
            "arn": "arn:aws:ec2:ap-south-1:285255536600:network-interface/eni-0b21c5b0b3f8bc7db",
            "attachment": [],
            "description": "",
            "id": "eni-0b21c5b0b3f8bc7db",
            "interface_type": "interface",
            "ipv4_prefix_count": 0,
            "ipv4_prefixes": [],
            "ipv6_address_count": 0,
            "ipv6_address_list": [],
            "ipv6_address_list_enabled": false,
            "ipv6_addresses": [],
            "ipv6_prefix_count": 0,
            "ipv6_prefixes": [],
            "mac_address": "0a:ee:4c:10:a0:fc",
            "outpost_arn": "",
            "owner_id": "285255536600",
            "private_dns_name": "",
            "private_ip": "172.16.0.5",
            "private_ip_list": [
              "172.16.0.5"
            ],
            "private_ip_list_enabled": false,
            "private_ips": [
              "172.16.0.5"
            ],
            "private_ips_count": 0,
            "security_groups": [
              "sg-093e7141740a3c418"
            ],
            "source_dest_check": true,
            "subnet_id": "subnet-0adeed147a3b0e0f9",
            "tags": null,
            "tags_all": {}
          },
          "sensitive_attributes": [],
          "private": "bnVsbA==",
          "dependencies": [
            "aws_security_group.alb",
            "aws_security_group.allow_web",
            "aws_subnet.subnet-1",
            "aws_vpc.demo-vpc"
          ]
        }
      ]
    },
    {
      "mode": "managed",
      "type": "aws_route_table",
      "name": "dev-route-table",
      "provider": "provider[\"registry.terraform.io/hashicorp/aws\"]",
      "instances": [
        {
          "schema_version": 0,
          "attributes": {
            "arn": "arn:aws:ec2:ap-south-1:285255536600:route-table/rtb-0adfe7500fe281ef3",
            "id": "rtb-0adfe7500fe281ef3",
            "owner_id": "285255536600",
            "propagating_vgws": [],
            "route": [
              {
                "carrier_gateway_id": "",
                "cidr_block": "",
                "destination_prefix_list_id": "",
                "egress_only_gateway_id": "",
                "gateway_id": "igw-0f772745292ad42ff",
                "instance_id": "",
                "ipv6_cidr_block": "::/0",
                "local_gateway_id": "",
                "nat_gateway_id": "",
                "network_interface_id": "",
                "transit_gateway_id": "",
                "vpc_endpoint_id": "",
                "vpc_peering_connection_id": ""
              },
              {
                "carrier_gateway_id": "",
                "cidr_block": "0.0.0.0/0",
                "destination_prefix_list_id": "",
                "egress_only_gateway_id": "",
                "gateway_id": "igw-0f772745292ad42ff",
                "instance_id": "",
                "ipv6_cidr_block": "",
                "local_gateway_id": "",
                "nat_gateway_id": "",
                "network_interface_id": "",
                "transit_gateway_id": "",
                "vpc_endpoint_id": "",
                "vpc_peering_connection_id": ""
              }
            ],
            "tags": {
              "Name": "demo"
            },
            "tags_all": {
              "Name": "demo"
            },
            "timeouts": null,
            "vpc_id": "vpc-00b96594fa5930e0f"
          },
          "sensitive_attributes": [],
          "private": "eyJlMmJmYjczMC1lY2FhLTExZTYtOGY4OC0zNDM2M2JjN2M0YzAiOnsiY3JlYXRlIjozMDAwMDAwMDAwMDAsImRlbGV0ZSI6MzAwMDAwMDAwMDAwLCJ1cGRhdGUiOjEyMDAwMDAwMDAwMH19",
          "dependencies": [
            "aws_internet_gateway.gw",
            "aws_vpc.demo-vpc"
          ]
        }
      ]
    },
    {
      "mode": "managed",
      "type": "aws_route_table_association",
      "name": "a",
      "provider": "provider[\"registry.terraform.io/hashicorp/aws\"]",
      "instances": [
        {
          "schema_version": 0,
          "attributes": {
            "gateway_id": "",
            "id": "rtbassoc-000a82765fcfe9fab",
            "route_table_id": "rtb-0adfe7500fe281ef3",
            "subnet_id": "subnet-0adeed147a3b0e0f9"
          },
          "sensitive_attributes": [],
          "private": "bnVsbA==",
          "dependencies": [
            "aws_internet_gateway.gw",
            "aws_route_table.dev-route-table",
            "aws_subnet.subnet-1",
            "aws_vpc.demo-vpc"
          ]
        }
      ]
    },
    {
      "mode": "managed",
      "type": "aws_security_group",
      "name": "alb",
      "provider": "provider[\"registry.terraform.io/hashicorp/aws\"]",
      "instances": [
        {
          "schema_version": 1,
          "attributes": {
            "arn": "arn:aws:ec2:ap-south-1:285255536600:security-group/sg-07f9d3d7554cc18eb",
            "description": "Terraform load balancer security group",
            "egress": [
              {
                "cidr_blocks": [
                  "0.0.0.0/0"
                ],
                "description": "",
                "from_port": 0,
                "ipv6_cidr_blocks": [],
                "prefix_list_ids": [],
                "protocol": "-1",
                "security_groups": [],
                "self": false,
                "to_port": 0
              }
            ],
            "id": "sg-07f9d3d7554cc18eb",
            "ingress": [
              {
                "cidr_blocks": [
                  "0.0.0.0/0"
                ],
                "description": "",
                "from_port": 443,
                "ipv6_cidr_blocks": [],
                "prefix_list_ids": [],
                "protocol": "tcp",
                "security_groups": [],
                "self": false,
                "to_port": 443
              },
              {
                "cidr_blocks": [
                  "0.0.0.0/0"
                ],
                "description": "",
                "from_port": 80,
                "ipv6_cidr_blocks": [],
                "prefix_list_ids": [],
                "protocol": "tcp",
                "security_groups": [],
                "self": false,
                "to_port": 80
              }
            ],
            "name": "terraform_alb_security_group",
            "name_prefix": "",
            "owner_id": "285255536600",
            "revoke_rules_on_delete": false,
            "tags": {
              "Name": "terraform-example-alb-security-group"
            },
            "tags_all": {
              "Name": "terraform-example-alb-security-group"
            },
            "timeouts": null,
            "vpc_id": "vpc-00b96594fa5930e0f"
          },
          "sensitive_attributes": [],
          "private": "eyJlMmJmYjczMC1lY2FhLTExZTYtOGY4OC0zNDM2M2JjN2M0YzAiOnsiY3JlYXRlIjo2MDAwMDAwMDAwMDAsImRlbGV0ZSI6OTAwMDAwMDAwMDAwfSwic2NoZW1hX3ZlcnNpb24iOiIxIn0=",
          "dependencies": [
            "aws_vpc.demo-vpc"
          ]
        }
      ]
    },
    {
      "mode": "managed",
      "type": "aws_security_group",
      "name": "allow_web",
      "provider": "provider[\"registry.terraform.io/hashicorp/aws\"]",
      "instances": [
        {
          "schema_version": 1,
          "attributes": {
            "arn": "arn:aws:ec2:ap-south-1:285255536600:security-group/sg-093e7141740a3c418",
            "description": "Allow web inbound traffic",
            "egress": [
              {
                "cidr_blocks": [
                  "0.0.0.0/0"
                ],
                "description": "",
                "from_port": 0,
                "ipv6_cidr_blocks": [
                  "::/0"
                ],
                "prefix_list_ids": [],
                "protocol": "-1",
                "security_groups": [],
                "self": false,
                "to_port": 0
              }
            ],
            "id": "sg-093e7141740a3c418",
            "ingress": [
              {
                "cidr_blocks": [
                  "134.238.241.116/32"
                ],
                "description": "Allow HTTP",
                "from_port": 80,
                "ipv6_cidr_blocks": [],
                "prefix_list_ids": [],
                "protocol": "tcp",
                "security_groups": [],
                "self": false,
                "to_port": 80
              },
              {
                "cidr_blocks": [
                  "134.238.241.116/32"
                ],
                "description": "Allow SSH",
                "from_port": 22,
                "ipv6_cidr_blocks": [],
                "prefix_list_ids": [],
                "protocol": "tcp",
                "security_groups": [],
                "self": false,
                "to_port": 22
              },
              {
                "cidr_blocks": [],
                "description": "Allow ALB",
                "from_port": 443,
                "ipv6_cidr_blocks": [],
                "prefix_list_ids": [],
                "protocol": "tcp",
                "security_groups": [
                  "sg-07f9d3d7554cc18eb"
                ],
                "self": false,
                "to_port": 443
              },
              {
                "cidr_blocks": [],
                "description": "Allow ALB",
                "from_port": 80,
                "ipv6_cidr_blocks": [],
                "prefix_list_ids": [],
                "protocol": "tcp",
                "security_groups": [
                  "sg-07f9d3d7554cc18eb"
                ],
                "self": false,
                "to_port": 80
              }
            ],
            "name": "allow_web_traffic",
            "name_prefix": "",
            "owner_id": "285255536600",
            "revoke_rules_on_delete": false,
            "tags": {
              "Name": "allow http"
            },
            "tags_all": {
              "Name": "allow http"
            },
            "timeouts": null,
            "vpc_id": "vpc-00b96594fa5930e0f"
          },
          "sensitive_attributes": [],
          "private": "eyJlMmJmYjczMC1lY2FhLTExZTYtOGY4OC0zNDM2M2JjN2M0YzAiOnsiY3JlYXRlIjo2MDAwMDAwMDAwMDAsImRlbGV0ZSI6OTAwMDAwMDAwMDAwfSwic2NoZW1hX3ZlcnNpb24iOiIxIn0=",
          "dependencies": [
            "aws_security_group.alb",
            "aws_vpc.demo-vpc"
          ]
        }
      ]
    },
    {
      "mode": "managed",
      "type": "aws_subnet",
      "name": "subnet-1",
      "provider": "provider[\"registry.terraform.io/hashicorp/aws\"]",
      "instances": [
        {
          "schema_version": 1,
          "attributes": {
            "arn": "arn:aws:ec2:ap-south-1:285255536600:subnet/subnet-0adeed147a3b0e0f9",
            "assign_ipv6_address_on_creation": false,
            "availability_zone": "ap-south-1b",
            "availability_zone_id": "aps1-az3",
            "cidr_block": "172.16.0.0/28",
            "customer_owned_ipv4_pool": "",
            "enable_dns64": false,
            "enable_resource_name_dns_a_record_on_launch": false,
            "enable_resource_name_dns_aaaa_record_on_launch": false,
            "id": "subnet-0adeed147a3b0e0f9",
            "ipv6_cidr_block": "",
            "ipv6_cidr_block_association_id": "",
            "ipv6_native": false,
            "map_customer_owned_ip_on_launch": false,
            "map_public_ip_on_launch": false,
            "outpost_arn": "",
            "owner_id": "285255536600",
            "private_dns_hostname_type_on_launch": "ip-name",
            "tags": {
              "Name": "demo-subnet-1"
            },
            "tags_all": {
              "Name": "demo-subnet-1"
            },
            "timeouts": null,
            "vpc_id": "vpc-00b96594fa5930e0f"
          },
          "sensitive_attributes": [],
          "private": "eyJlMmJmYjczMC1lY2FhLTExZTYtOGY4OC0zNDM2M2JjN2M0YzAiOnsiY3JlYXRlIjo2MDAwMDAwMDAwMDAsImRlbGV0ZSI6MTIwMDAwMDAwMDAwMH0sInNjaGVtYV92ZXJzaW9uIjoiMSJ9",
          "dependencies": [
            "aws_vpc.demo-vpc"
          ]
        }
      ]
    },
    {
      "mode": "managed",
      "type": "aws_subnet",
      "name": "subnet-2",
      "provider": "provider[\"registry.terraform.io/hashicorp/aws\"]",
      "instances": [
        {
          "schema_version": 1,
          "attributes": {
            "arn": "arn:aws:ec2:ap-south-1:285255536600:subnet/subnet-0a76d00abbc4cf245",
            "assign_ipv6_address_on_creation": false,
            "availability_zone": "ap-south-1a",
            "availability_zone_id": "aps1-az1",
            "cidr_block": "172.16.0.16/28",
            "customer_owned_ipv4_pool": "",
            "enable_dns64": false,
            "enable_resource_name_dns_a_record_on_launch": false,
            "enable_resource_name_dns_aaaa_record_on_launch": false,
            "id": "subnet-0a76d00abbc4cf245",
            "ipv6_cidr_block": "",
            "ipv6_cidr_block_association_id": "",
            "ipv6_native": false,
            "map_customer_owned_ip_on_launch": false,
            "map_public_ip_on_launch": false,
            "outpost_arn": "",
            "owner_id": "285255536600",
            "private_dns_hostname_type_on_launch": "ip-name",
            "tags": {
              "Name": "demo-subnet-2"
            },
            "tags_all": {
              "Name": "demo-subnet-2"
            },
            "timeouts": null,
            "vpc_id": "vpc-00b96594fa5930e0f"
          },
          "sensitive_attributes": [],
          "private": "eyJlMmJmYjczMC1lY2FhLTExZTYtOGY4OC0zNDM2M2JjN2M0YzAiOnsiY3JlYXRlIjo2MDAwMDAwMDAwMDAsImRlbGV0ZSI6MTIwMDAwMDAwMDAwMH0sInNjaGVtYV92ZXJzaW9uIjoiMSJ9",
          "dependencies": [
            "aws_vpc.demo-vpc"
          ]
        }
      ]
    },
    {
      "mode": "managed",
      "type": "aws_vpc",
      "name": "demo-vpc",
      "provider": "provider[\"registry.terraform.io/hashicorp/aws\"]",
      "instances": [
        {
          "schema_version": 1,
          "attributes": {
            "arn": "arn:aws:ec2:ap-south-1:285255536600:vpc/vpc-00b96594fa5930e0f",
            "assign_generated_ipv6_cidr_block": false,
            "cidr_block": "172.16.0.0/22",
            "default_network_acl_id": "acl-0fcefce740f0aed02",
            "default_route_table_id": "rtb-0c43a3f93c81fc594",
            "default_security_group_id": "sg-00e9f0e4cab65239e",
            "dhcp_options_id": "dopt-72c21f19",
            "enable_classiclink": false,
            "enable_classiclink_dns_support": false,
            "enable_dns_hostnames": false,
            "enable_dns_support": true,
            "id": "vpc-00b96594fa5930e0f",
            "instance_tenancy": "default",
            "ipv4_ipam_pool_id": null,
            "ipv4_netmask_length": null,
            "ipv6_association_id": "",
            "ipv6_cidr_block": "",
            "ipv6_cidr_block_network_border_group": "",
            "ipv6_ipam_pool_id": "",
            "ipv6_netmask_length": 0,
            "main_route_table_id": "rtb-0c43a3f93c81fc594",
            "owner_id": "285255536600",
            "tags": {
              "Name": "demo-vpc"
            },
            "tags_all": {
              "Name": "demo-vpc"
            }
          },
          "sensitive_attributes": [],
          "private": "eyJzY2hlbWFfdmVyc2lvbiI6IjEifQ=="
        }
      ]
    },
    {
      "mode": "managed",
      "type": "tls_private_key",
      "name": "demo",
      "provider": "provider[\"registry.terraform.io/hashicorp/tls\"]",
      "instances": [
        {
          "schema_version": 0,
          "attributes": {
            "algorithm": "RSA",
            "ecdsa_curve": "P224",
            "id": "46bb0751fef9084cb360469764143efdbe119ea8",
            "private_key_pem": "-----BEGIN RSA PRIVATE KEY-----\nMIIEpAIBAAKCAQEA3q0d4p9GHRGxRcVQloVLMqJ13uRepEDRFrkUFp/A8kBrmDRP\nMRJGTaj8wVlUmq495WgGIxizLHdhmuIRa9KnqMaE2MXaP31rPZDV0z8NTUCaDPgN\nAmz4jEWtadwLc6Ch04X3n7nQEw8UZpc/XAoFGBzrx3P39V12oIxcGrDLwm7HWNqd\nYfqx+Lt4WkBWdYmP/TTCjq676rLSnGJgQB42r0UwGVikOXbljM5iNcfXGTQXohJe\nsdY6tois44NUJhZqh+s5gT/yxxxiJ6SXuhQ+6eGPuZydx2FzJd399kn3HyOS2FTg\nOUaoT9MsQgsPPfcZ86qhtEynvWX+rMyn3UsipwIDAQABAoIBADlD4Aml2Ewlfqdo\nxP7QrLQK37FAna40FRF461eeIeqq8oCkAzGld3sFWGsI5B8bbEOQ6vMfqQRodytz\ns/M8q21WEFgHGcd2I5wjoTnAX1VcpcFsETxsdcbtLFmrAy7rQnK5YyMqj/42xJJV\nly++S+0VkvUqN7xcGuPS9OTQTrZjd+oaFJdkHFtfAxjkUha2Prp8UVqyqfqbN4dJ\nA2/eOPREO6fe6PCz/Bld78syZTGT0rjaFgZdQGfoMN7o8yJqTfCszhqMmpSNukTa\no6P2QxqS++GQbD2Lue+wMTPkxy2dTndJoSrU54zAIvmKyuKfnDO0RqIhNXZPmOMm\nT0gZXHECgYEA5LiyqnH/pkTNBskUoMjCl/li39wEJg/BUIEDbn00x1dvjRVBo3Vk\nskWQPhb+hlMAraQoXcYcCExXiJZIJ/7JuAzrMhSEaq9yV6r6WGLdC8OH4us/o71W\nzm3+kup+oyG2U3vua8yqzhq1F9erwYv7MRwIGbsVDgqEyIA6sCPyLyUCgYEA+TvY\nnrxyriUSGdXVyMRv4cwPMR6xMpbYzvT+mmEZHeQLOch6gsL2ooEFrhzeoqUSoYtA\nz+nTELUYrN3tR/1qhgWTYizduH+N3hhXXgON+aFpliKotqE0qjH+FkIcg37736EN\n5PhCBGiVYWZOGk26MC562gURNUZKbLj99PQPNtsCgYEAkeJAizilEB8oCqDs2FTU\n0WxOpWxG9SPtcHSphKq1pEPfscQSFrlE3fRCuWefNnvwndBrsswuixhuaH86TNBV\nR2BuD4ZIo2d+be5vOTrttJglrxXPhJe6q3Y6/ug0l8Zj7cHJY9aqR0V/plJ4ib3I\nHR29CPRrzIXnBZ/MTxbOXUUCgYEAz1crQfsySI/MfDO503kgPq9dYBbRgW2e1qVY\nfiQTGhvR/vM6gDgjqFM/33Zi/NnpIv1PIOi8T2TpLz69HKvFB9PxpbX/inKLGl4T\nqMG6RhczWNRimPSJdKF8aRX81KQ6c/NvNLIXccVzqIDMrvNE1rqEN4YJp9FfLw3D\nMBot4gsCgYA3VI4rbRorWK5/w1M51Naetfs9sCEbV7+LNplfsljLpJIEchlKNMrL\n3I7OlBYgDi2d+FIuNiSlCPee4XhBm8Zbp7KKpEDw9Pf5kjoJnACEz9dbapTyT/2X\n0PG4GF16By8okRZ64jFEKn+kdKVhmYdaRPq3NY4R0Hv29RA7Ip/UeA==\n-----END RSA PRIVATE KEY-----\n",
            "public_key_fingerprint_md5": "58:6d:08:d1:0e:f1:33:d0:c6:15:ef:58:e4:07:f7:8c",
            "public_key_openssh": "ssh-rsa AAAAB3NzaC1yc2EAAAADAQABAAABAQDerR3in0YdEbFFxVCWhUsyonXe5F6kQNEWuRQWn8DyQGuYNE8xEkZNqPzBWVSarj3laAYjGLMsd2Ga4hFr0qeoxoTYxdo/fWs9kNXTPw1NQJoM+A0CbPiMRa1p3AtzoKHThfefudATDxRmlz9cCgUYHOvHc/f1XXagjFwasMvCbsdY2p1h+rH4u3haQFZ1iY/9NMKOrrvqstKcYmBAHjavRTAZWKQ5duWMzmI1x9cZNBeiEl6x1jq2iKzjg1QmFmqH6zmBP/LHHGInpJe6FD7p4Y+5nJ3HYXMl3f32SfcfI5LYVOA5RqhP0yxCCw899xnzqqG0TKe9Zf6szKfdSyKn\n",
            "public_key_pem": "-----BEGIN PUBLIC KEY-----\nMIIBIjANBgkqhkiG9w0BAQEFAAOCAQ8AMIIBCgKCAQEA3q0d4p9GHRGxRcVQloVL\nMqJ13uRepEDRFrkUFp/A8kBrmDRPMRJGTaj8wVlUmq495WgGIxizLHdhmuIRa9Kn\nqMaE2MXaP31rPZDV0z8NTUCaDPgNAmz4jEWtadwLc6Ch04X3n7nQEw8UZpc/XAoF\nGBzrx3P39V12oIxcGrDLwm7HWNqdYfqx+Lt4WkBWdYmP/TTCjq676rLSnGJgQB42\nr0UwGVikOXbljM5iNcfXGTQXohJesdY6tois44NUJhZqh+s5gT/yxxxiJ6SXuhQ+\n6eGPuZydx2FzJd399kn3HyOS2FTgOUaoT9MsQgsPPfcZ86qhtEynvWX+rMyn3Usi\npwIDAQAB\n-----END PUBLIC KEY-----\n",
            "rsa_bits": 2048
          },
          "sensitive_attributes": [],
          "private": "bnVsbA=="
        }
      ]
    },
    {
      "mode": "managed",
      "type": "tls_self_signed_cert",
      "name": "demo",
      "provider": "provider[\"registry.terraform.io/hashicorp/tls\"]",
      "instances": [
        {
          "schema_version": 0,
          "attributes": {
            "allowed_uses": [
              "key_encipherment",
              "digital_signature",
              "server_auth"
            ],
            "cert_pem": "-----BEGIN CERTIFICATE-----\nMIIDDzCCAfegAwIBAgIQKY82J28p2Y5kwitCCX5ylTANBgkqhkiG9w0BAQsFADAo\nMRMwEQYDVQQKEwpEZW1vcywgSW5jMREwDwYDVQQDEwhkZW1vLmNvbTAeFw0yMjAy\nMjYxNzIwMTBaFw0yMjAyMjcwNTIwMTBaMCgxEzARBgNVBAoTCkRlbW9zLCBJbmMx\nETAPBgNVBAMTCGRlbW8uY29tMIIBIjANBgkqhkiG9w0BAQEFAAOCAQ8AMIIBCgKC\nAQEA3q0d4p9GHRGxRcVQloVLMqJ13uRepEDRFrkUFp/A8kBrmDRPMRJGTaj8wVlU\nmq495WgGIxizLHdhmuIRa9KnqMaE2MXaP31rPZDV0z8NTUCaDPgNAmz4jEWtadwL\nc6Ch04X3n7nQEw8UZpc/XAoFGBzrx3P39V12oIxcGrDLwm7HWNqdYfqx+Lt4WkBW\ndYmP/TTCjq676rLSnGJgQB42r0UwGVikOXbljM5iNcfXGTQXohJesdY6tois44NU\nJhZqh+s5gT/yxxxiJ6SXuhQ+6eGPuZydx2FzJd399kn3HyOS2FTgOUaoT9MsQgsP\nPfcZ86qhtEynvWX+rMyn3UsipwIDAQABozUwMzAOBgNVHQ8BAf8EBAMCBaAwEwYD\nVR0lBAwwCgYIKwYBBQUHAwEwDAYDVR0TAQH/BAIwADANBgkqhkiG9w0BAQsFAAOC\nAQEARwXwAb2m1BLtUz6IzGXKB5e5pDUBrQYiZcE/mNMfkaHLob7p5vctczk8tiEe\nPSCG3s/skjGdObXDJ1UFkF5VzWCZum9oMe5EIFE59nz0nK31+sdU14x8YSZShNkB\nd12NlxWaG8AAMghMBXd/DS2s07MV5BETK9ihIozKq6pp4EStO5vNk5eQrEKmpF5F\nWyJfNZBM3zRlxcWia38/WOSloZixoe/GEqbBpZZPYWVllvuHmOGJcBGw2QJqLLtB\ndUJK7zpAf7HFIq7/M52AGOhanv7OK4YHmJ+gpha6aFPgkbN75XHFgVApqVdinl4D\noTWw2N8FTm0oYVVbQTiuEpUUDA==\n-----END CERTIFICATE-----\n",
            "dns_names": null,
            "early_renewal_hours": 0,
            "id": "55241944652372395815446366462639239829",
            "ip_addresses": null,
            "is_ca_certificate": null,
            "key_algorithm": "RSA",
            "private_key_pem": "fa48e82381f10c362c5093c46f9b83f9512211bf",
            "ready_for_renewal": false,
            "set_subject_key_id": null,
            "subject": [
              {
                "common_name": "demo.com",
                "country": "",
                "locality": "",
                "organization": "Demos, Inc",
                "organizational_unit": "",
                "postal_code": "",
                "province": "",
                "serial_number": "",
                "street_address": null
              }
            ],
            "uris": null,
            "validity_end_time": "2022-02-27T10:50:10.318265+05:30",
            "validity_period_hours": 12,
            "validity_start_time": "2022-02-26T22:50:10.318265+05:30"
          },
          "sensitive_attributes": [],
          "private": "bnVsbA==",
          "dependencies": [
            "tls_private_key.demo"
          ]
        }
      ]
    }
  ]
}
